# THIS IS AN AUTOGENERATED FILE. DO NOT EDIT THIS FILE DIRECTLY.
# yarn lockfile v1


immer@^9.0.19:
  version "9.0.19"
  resolved "https://registry.yarnpkg.com/immer/-/immer-9.0.19.tgz#67fb97310555690b5f9cd8380d38fc0aabb6b38b"
  integrity sha512-eY+Y0qcsB4TZKwgQzLaE/lqYMlKhv5J9dyd2RhhtGhNo2njPXDqU9XPfcNfa3MIDsdtZt5KlkIsirlo4dHsWdQ==
