# THIS IS AN AUTOGENERATED FILE. DO NOT EDIT THIS FILE DIRECTLY.
# yarn lockfile v1


immer@^9.0.19:
  version "9.0.19"
  resolved "https://registry.yarnpkg.com/immer/-/immer-9.0.19.tgz#67fb97310555690b5f9cd8380d38fc0aabb6b38b"
  integrity sha512-eY+Y0qcsB4TZKwgQzLaE/lqYMlKhv5J9dyd2RhhtGhNo2njPXDqU9XPfcNfa3MIDsdtZt5KlkIsirlo4dHsWdQ==

react-async@^10.0.1:
  version "10.0.1"
  resolved "https://registry.yarnpkg.com/react-async/-/react-async-10.0.1.tgz#575c083f808303d2f6ca52d11ec7554dbdbd9fcd"
  integrity sha512-ORUz5ca0B57QgBIzEZM5SuhJ6xFjkvEEs0gylLNlWf06vuVcLZsjIw3wx58jJkZG38p+0nUAxRgFW2b7mnVZzA==
